
Microsoft Visual Studio Solution File, Format Version 12.00
# Visual Studio Version 16
VisualStudioVersion = 16.0.30413.136
MinimumVisualStudioVersion = 10.0.40219.1
Project("{8BC9CEB8-8B4A-11D0-8D11-00A0C91BC942}") = "Orange Auto Clicker", "Orange Auto Clicker.vcxproj", "{8F9D6630-1E11-47CB-9AED-8DE8489630E5}"
EndProject
Global
	GlobalSection(SolutionConfigurationPlatforms) = preSolution
		Debug|x64 = Debug|x64
		Debug|x86 = Debug|x86
		Release|x64 = Release|x64
		Release|x86 = Release|x86
	EndGlobalSection
	GlobalSection(ProjectConfigurationPlatforms) = postSolution
		{8F9D6630-1E11-47CB-9AED-8DE8489630E5}.Debug|x64.ActiveCfg = Debug|x64
		{8F9D6630-1E11-47CB-9AED-8DE8489630E5}.Debug|x64.Build.0 = Debug|x64
		{8F9D6630-1E11-47CB-9AED-8DE8489630E5}.Debug|x86.ActiveCfg = Debug|Win32
		{8F9D6630-1E11-47CB-9AED-8DE8489630E5}.Debug|x86.Build.0 = Debug|Win32
		{8F9D6630-1E11-47CB-9AED-8DE8489630E5}.Release|x64.ActiveCfg = Release|x64
		{8F9D6630-1E11-47CB-9AED-8DE8489630E5}.Release|x64.Build.0 = Release|x64
		{8F9D6630-1E11-47CB-9AED-8DE8489630E5}.Release|x86.ActiveCfg = Release|Win32
		{8F9D6630-1E11-47CB-9AED-8DE8489630E5}.Release|x86.Build.0 = Release|Win32
	EndGlobalSection
	GlobalSection(SolutionProperties) = preSolution
		HideSolutionNode = FALSE
	EndGlobalSection
	GlobalSection(ExtensibilityGlobals) = postSolution
		SolutionGuid = {EFE6A0E0-FDBC-408A-A51D-6C949D89CF10}
	EndGlobalSection
EndGlobal
